
Microsoft Visual Studio Solution File, Format Version 12.00
# Visual Studio Version 16
VisualStudioVersion = 16.0.30104.148
MinimumVisualStudioVersion = 10.0.40219.1
Project("{FAE04EC0-301F-11D3-BF4B-00C04F79EFBC}") = "DeployDemo", "DeployDemo\DeployDemo.csproj", "{62865AA7-F8F0-4BC2-A0F5-136B4535DF62}"
EndProject
Global
	GlobalSection(SolutionConfigurationPlatforms) = preSolution
		Debug|Any CPU = Debug|Any CPU
		Release|Any CPU = Release|Any CPU
	EndGlobalSection
	GlobalSection(ProjectConfigurationPlatforms) = postSolution
		{62865AA7-F8F0-4BC2-A0F5-136B4535DF62}.Debug|Any CPU.ActiveCfg = Debug|Any CPU
		{62865AA7-F8F0-4BC2-A0F5-136B4535DF62}.Debug|Any CPU.Build.0 = Debug|Any CPU
		{62865AA7-F8F0-4BC2-A0F5-136B4535DF62}.Release|Any CPU.ActiveCfg = Release|Any CPU
		{62865AA7-F8F0-4BC2-A0F5-136B4535DF62}.Release|Any CPU.Build.0 = Release|Any CPU
	EndGlobalSection
	GlobalSection(SolutionProperties) = preSolution
		HideSolutionNode = FALSE
	EndGlobalSection
	GlobalSection(ExtensibilityGlobals) = postSolution
		SolutionGuid = {30CA18C3-35CD-4D7F-9006-C0B24B23F791}
	EndGlobalSection
EndGlobal
